// !$*UTF8*$!
{
	archiveVersion = 1;
	classes = {
	};
	objectVersion = 50;
	objects = {

/* Begin PBXBuildFile section */
		2991915C21F184E200348253 /* AppDelegate.swift in Sources */ = {isa = PBXBuildFile; fileRef = 2991915B21F184E200348253 /* AppDelegate.swift */; };
		2991915E21F184E200348253 /* ViewController.swift in Sources */ = {isa = PBXBuildFile; fileRef = 2991915D21F184E200348253 /* ViewController.swift */; };
		2991916121F184E200348253 /* Main.storyboard in Resources */ = {isa = PBXBuildFile; fileRef = 2991915F21F184E200348253 /* Main.storyboard */; };
		2991916321F184E300348253 /* Assets.xcassets in Resources */ = {isa = PBXBuildFile; fileRef = 2991916221F184E300348253 /* Assets.xcassets */; };
		2991916621F184E300348253 /* LaunchScreen.storyboard in Resources */ = {isa = PBXBuildFile; fileRef = 2991916421F184E300348253 /* LaunchScreen.storyboard */; };
		2991917121F184E300348253 /* Ka_Motion_v1Tests.swift in Sources */ = {isa = PBXBuildFile; fileRef = 2991917021F184E300348253 /* Ka_Motion_v1Tests.swift */; };
		2991917C21F184E300348253 /* Ka_Motion_v1UITests.swift in Sources */ = {isa = PBXBuildFile; fileRef = 2991917B21F184E300348253 /* Ka_Motion_v1UITests.swift */; };
		2991918B21F184F700348253 /* SnitchWing.png in Resources */ = {isa = PBXBuildFile; fileRef = 2991918A21F184F700348253 /* SnitchWing.png */; };
		2991918E21F1856D00348253 /* Snitch.swift in Sources */ = {isa = PBXBuildFile; fileRef = 2991918D21F1856D00348253 /* Snitch.swift */; };
/* End PBXBuildFile section */

/* Begin PBXContainerItemProxy section */
		2991916D21F184E300348253 /* PBXContainerItemProxy */ = {
			isa = PBXContainerItemProxy;
			containerPortal = 2991915021F184E200348253 /* Project object */;
			proxyType = 1;
			remoteGlobalIDString = 2991915721F184E200348253;
			remoteInfo = Ka_Motion_v1;
		};
		2991917821F184E300348253 /* PBXContainerItemProxy */ = {
			isa = PBXContainerItemProxy;
			containerPortal = 2991915021F184E200348253 /* Project object */;
			proxyType = 1;
			remoteGlobalIDString = 2991915721F184E200348253;
			remoteInfo = Ka_Motion_v1;
		};
/* End PBXContainerItemProxy section */

/* Begin PBXFileReference section */
		2991915821F184E200348253 /* Ka_Motion_v1.app */ = {isa = PBXFileReference; explicitFileType = wrapper.application; includeInIndex = 0; path = Ka_Motion_v1.app; sourceTree = BUILT_PRODUCTS_DIR; };
		2991915B21F184E200348253 /* AppDelegate.swift */ = {isa = PBXFileReference; lastKnownFileType = sourcecode.swift; path = AppDelegate.swift; sourceTree = "<group>"; };
		2991915D21F184E200348253 /* ViewController.swift */ = {isa = PBXFileReference; lastKnownFileType = sourcecode.swift; path = ViewController.swift; sourceTree = "<group>"; };
		2991916021F184E200348253 /* Base */ = {isa = PBXFileReference; lastKnownFileType = file.storyboard; name = Base; path = Base.lproj/Main.storyboard; sourceTree = "<group>"; };
		2991916221F184E300348253 /* Assets.xcassets */ = {isa = PBXFileReference; lastKnownFileType = folder.assetcatalog; path = Assets.xcassets; sourceTree = "<group>"; };
		2991916521F184E300348253 /* Base */ = {isa = PBXFileReference; lastKnownFileType = file.storyboard; name = Base; path = Base.lproj/LaunchScreen.storyboard; sourceTree = "<group>"; };
		2991916721F184E300348253 /* Info.plist */ = {isa = PBXFileReference; lastKnownFileType = text.plist.xml; path = Info.plist; sourceTree = "<group>"; };
		2991916C21F184E300348253 /* Ka_Motion_v1Tests.xctest */ = {isa = PBXFileReference; explicitFileType = wrapper.cfbundle; includeInIndex = 0; path = Ka_Motion_v1Tests.xctest; sourceTree = BUILT_PRODUCTS_DIR; };
		2991917021F184E300348253 /* Ka_Motion_v1Tests.swift */ = {isa = PBXFileReference; lastKnownFileType = sourcecode.swift; path = Ka_Motion_v1Tests.swift; sourceTree = "<group>"; };
		2991917221F184E300348253 /* Info.plist */ = {isa = PBXFileReference; lastKnownFileType = text.plist.xml; path = Info.plist; sourceTree = "<group>"; };
		2991917721F184E300348253 /* Ka_Motion_v1UITests.xctest */ = {isa = PBXFileReference; explicitFileType = wrapper.cfbundle; includeInIndex = 0; path = Ka_Motion_v1UITests.xctest; sourceTree = BUILT_PRODUCTS_DIR; };
		2991917B21F184E300348253 /* Ka_Motion_v1UITests.swift */ = {isa = PBXFileReference; lastKnownFileType = sourcecode.swift; path = Ka_Motion_v1UITests.swift; sourceTree = "<group>"; };
		2991917D21F184E300348253 /* Info.plist */ = {isa = PBXFileReference; lastKnownFileType = text.plist.xml; path = Info.plist; sourceTree = "<group>"; };
		2991918921F184F100348253 /* CoreMotion.framework */ = {isa = PBXFileReference; lastKnownFileType = file; path = CoreMotion.framework; sourceTree = "<group>"; };
		2991918A21F184F700348253 /* SnitchWing.png */ = {isa = PBXFileReference; lastKnownFileType = image.png; path = SnitchWing.png; sourceTree = "<group>"; };
		2991918C21F1850B00348253 /* BrightHeader.h */ = {isa = PBXFileReference; lastKnownFileType = sourcecode.c.h; path = BrightHeader.h; sourceTree = "<group>"; };
		2991918D21F1856D00348253 /* Snitch.swift */ = {isa = PBXFileReference; lastKnownFileType = sourcecode.swift; path = Snitch.swift; sourceTree = "<group>"; };
/* End PBXFileReference section */

/* Begin PBXFrameworksBuildPhase section */
		2991915521F184E200348253 /* Frameworks */ = {
			isa = PBXFrameworksBuildPhase;
			buildActionMask = 2147483647;
			files = (
			);
			runOnlyForDeploymentPostprocessing = 0;
		};
		2991916921F184E300348253 /* Frameworks */ = {
			isa = PBXFrameworksBuildPhase;
			buildActionMask = 2147483647;
			files = (
			);
			runOnlyForDeploymentPostprocessing = 0;
		};
		2991917421F184E300348253 /* Frameworks */ = {
			isa = PBXFrameworksBuildPhase;
			buildActionMask = 2147483647;
			files = (
			);
			runOnlyForDeploymentPostprocessing = 0;
		};
/* End PBXFrameworksBuildPhase section */

/* Begin PBXGroup section */
		2991914F21F184E200348253 = {
			isa = PBXGroup;
			children = (
				2991918921F184F100348253 /* CoreMotion.framework */,
				2991915A21F184E200348253 /* Ka_Motion_v1 */,
				2991916F21F184E300348253 /* Ka_Motion_v1Tests */,
				2991917A21F184E300348253 /* Ka_Motion_v1UITests */,
				2991915921F184E200348253 /* Products */,
			);
			sourceTree = "<group>";
		};
		2991915921F184E200348253 /* Products */ = {
			isa = PBXGroup;
			children = (
				2991915821F184E200348253 /* Ka_Motion_v1.app */,
				2991916C21F184E300348253 /* Ka_Motion_v1Tests.xctest */,
				2991917721F184E300348253 /* Ka_Motion_v1UITests.xctest */,
			);
			name = Products;
			sourceTree = "<group>";
		};
		2991915A21F184E200348253 /* Ka_Motion_v1 */ = {
			isa = PBXGroup;
			children = (
				2991918A21F184F700348253 /* SnitchWing.png */,
				2991918D21F1856D00348253 /* Snitch.swift */,
				2991915D21F184E200348253 /* ViewController.swift */,
				2991915B21F184E200348253 /* AppDelegate.swift */,
				2991915F21F184E200348253 /* Main.storyboard */,
				2991916221F184E300348253 /* Assets.xcassets */,
				2991916421F184E300348253 /* LaunchScreen.storyboard */,
				2991916721F184E300348253 /* Info.plist */,
				2991918C21F1850B00348253 /* BrightHeader.h */,
			);
			path = Ka_Motion_v1;
			sourceTree = "<group>";
		};
		2991916F21F184E300348253 /* Ka_Motion_v1Tests */ = {
			isa = PBXGroup;
			children = (
				2991917021F184E300348253 /* Ka_Motion_v1Tests.swift */,
				2991917221F184E300348253 /* Info.plist */,
			);
			path = Ka_Motion_v1Tests;
			sourceTree = "<group>";
		};
		2991917A21F184E300348253 /* Ka_Motion_v1UITests */ = {
			isa = PBXGroup;
			children = (
				2991917B21F184E300348253 /* Ka_Motion_v1UITests.swift */,
				2991917D21F184E300348253 /* Info.plist */,
			);
			path = Ka_Motion_v1UITests;
			sourceTree = "<group>";
		};
/* End PBXGroup section */

/* Begin PBXNativeTarget section */
		2991915721F184E200348253 /* Ka_Motion_v1 */ = {
			isa = PBXNativeTarget;
			buildConfigurationList = 2991918021F184E300348253 /* Build configuration list for PBXNativeTarget "Ka_Motion_v1" */;
			buildPhases = (
				2991915421F184E200348253 /* Sources */,
				2991915521F184E200348253 /* Frameworks */,
				2991915621F184E200348253 /* Resources */,
			);
			buildRules = (
			);
			dependencies = (
			);
			name = Ka_Motion_v1;
			productName = Ka_Motion_v1;
			productReference = 2991915821F184E200348253 /* Ka_Motion_v1.app */;
			productType = "com.apple.product-type.application";
		};
		2991916B21F184E300348253 /* Ka_Motion_v1Tests */ = {
			isa = PBXNativeTarget;
			buildConfigurationList = 2991918321F184E300348253 /* Build configuration list for PBXNativeTarget "Ka_Motion_v1Tests" */;
			buildPhases = (
				2991916821F184E300348253 /* Sources */,
				2991916921F184E300348253 /* Frameworks */,
				2991916A21F184E300348253 /* Resources */,
			);
			buildRules = (
			);
			dependencies = (
				2991916E21F184E300348253 /* PBXTargetDependency */,
			);
			name = Ka_Motion_v1Tests;
			productName = Ka_Motion_v1Tests;
			productReference = 2991916C21F184E300348253 /* Ka_Motion_v1Tests.xctest */;
			productType = "com.apple.product-type.bundle.unit-test";
		};
		2991917621F184E300348253 /* Ka_Motion_v1UITests */ = {
			isa = PBXNativeTarget;
			buildConfigurationList = 2991918621F184E300348253 /* Build configuration list for PBXNativeTarget "Ka_Motion_v1UITests" */;
			buildPhases = (
				2991917321F184E300348253 /* Sources */,
				2991917421F184E300348253 /* Frameworks */,
				2991917521F184E300348253 /* Resources */,
			);
			buildRules = (
			);
			dependencies = (
				2991917921F184E300348253 /* PBXTargetDependency */,
			);
			name = Ka_Motion_v1UITests;
			productName = Ka_Motion_v1UITests;
			productReference = 2991917721F184E300348253 /* Ka_Motion_v1UITests.xctest */;
			productType = "com.apple.product-type.bundle.ui-testing";
		};
/* End PBXNativeTarget section */

/* Begin PBXProject section */
		2991915021F184E200348253 /* Project object */ = {
			isa = PBXProject;
			attributes = {
				LastSwiftUpdateCheck = 1010;
				LastUpgradeCheck = 1010;
				ORGANIZATIONNAME = "Viet Asc";
				TargetAttributes = {
					2991915721F184E200348253 = {
						CreatedOnToolsVersion = 10.1;
					};
					2991916B21F184E300348253 = {
						CreatedOnToolsVersion = 10.1;
						TestTargetID = 2991915721F184E200348253;
					};
					2991917621F184E300348253 = {
						CreatedOnToolsVersion = 10.1;
						TestTargetID = 2991915721F184E200348253;
					};
				};
			};
			buildConfigurationList = 2991915321F184E200348253 /* Build configuration list for PBXProject "Ka_Motion_v1" */;
			compatibilityVersion = "Xcode 9.3";
			developmentRegion = en;
			hasScannedForEncodings = 0;
			knownRegions = (
				en,
				Base,
			);
			mainGroup = 2991914F21F184E200348253;
			productRefGroup = 2991915921F184E200348253 /* Products */;
			projectDirPath = "";
			projectRoot = "";
			targets = (
				2991915721F184E200348253 /* Ka_Motion_v1 */,
				2991916B21F184E300348253 /* Ka_Motion_v1Tests */,
				2991917621F184E300348253 /* Ka_Motion_v1UITests */,
			);
		};
/* End PBXProject section */

/* Begin PBXResourcesBuildPhase section */
		2991915621F184E200348253 /* Resources */ = {
			isa = PBXResourcesBuildPhase;
			buildActionMask = 2147483647;
			files = (
				2991916621F184E300348253 /* LaunchScreen.storyboard in Resources */,
				2991916321F184E300348253 /* Assets.xcassets in Resources */,
				2991916121F184E200348253 /* Main.storyboard in Resources */,
				2991918B21F184F700348253 /* SnitchWing.png in Resources */,
			);
			runOnlyForDeploymentPostprocessing = 0;
		};
		2991916A21F184E300348253 /* Resources */ = {
			isa = PBXResourcesBuildPhase;
			buildActionMask = 2147483647;
			files = (
			);
			runOnlyForDeploymentPostprocessing = 0;
		};
		2991917521F184E300348253 /* Resources */ = {
			isa = PBXResourcesBuildPhase;
			buildActionMask = 2147483647;
			files = (
			);
			runOnlyForDeploymentPostprocessing = 0;
		};
/* End PBXResourcesBuildPhase section */

/* Begin PBXSourcesBuildPhase section */
		2991915421F184E200348253 /* Sources */ = {
			isa = PBXSourcesBuildPhase;
			buildActionMask = 2147483647;
			files = (
				2991915E21F184E200348253 /* ViewController.swift in Sources */,
				2991915C21F184E200348253 /* AppDelegate.swift in Sources */,
				2991918E21F1856D00348253 /* Snitch.swift in Sources */,
			);
			runOnlyForDeploymentPostprocessing = 0;
		};
		2991916821F184E300348253 /* Sources */ = {
			isa = PBXSourcesBuildPhase;
			buildActionMask = 2147483647;
			files = (
				2991917121F184E300348253 /* Ka_Motion_v1Tests.swift in Sources */,
			);
			runOnlyForDeploymentPostprocessing = 0;
		};
		2991917321F184E300348253 /* Sources */ = {
			isa = PBXSourcesBuildPhase;
			buildActionMask = 2147483647;
			files = (
				2991917C21F184E300348253 /* Ka_Motion_v1UITests.swift in Sources */,
			);
			runOnlyForDeploymentPostprocessing = 0;
		};
/* End PBXSourcesBuildPhase section */

/* Begin PBXTargetDependency section */
		2991916E21F184E300348253 /* PBXTargetDependency */ = {
			isa = PBXTargetDependency;
			target = 2991915721F184E200348253 /* Ka_Motion_v1 */;
			targetProxy = 2991916D21F184E300348253 /* PBXContainerItemProxy */;
		};
		2991917921F184E300348253 /* PBXTargetDependency */ = {
			isa = PBXTargetDependency;
			target = 2991915721F184E200348253 /* Ka_Motion_v1 */;
			targetProxy = 2991917821F184E300348253 /* PBXContainerItemProxy */;
		};
/* End PBXTargetDependency section */

/* Begin PBXVariantGroup section */
		2991915F21F184E200348253 /* Main.storyboard */ = {
			isa = PBXVariantGroup;
			children = (
				2991916021F184E200348253 /* Base */,
			);
			name = Main.storyboard;
			sourceTree = "<group>";
		};
		2991916421F184E300348253 /* LaunchScreen.storyboard */ = {
			isa = PBXVariantGroup;
			children = (
				2991916521F184E300348253 /* Base */,
			);
			name = LaunchScreen.storyboard;
			sourceTree = "<group>";
		};
/* End PBXVariantGroup section */

/* Begin XCBuildConfiguration section */
		2991917E21F184E300348253 /* Debug */ = {
			isa = XCBuildConfiguration;
			buildSettings = {
				ALWAYS_SEARCH_USER_PATHS = NO;
				CLANG_ANALYZER_NONNULL = YES;
				CLANG_ANALYZER_NUMBER_OBJECT_CONVERSION = YES_AGGRESSIVE;
				CLANG_CXX_LANGUAGE_STANDARD = "gnu++14";
				CLANG_CXX_LIBRARY = "libc++";
				CLANG_ENABLE_MODULES = YES;
				CLANG_ENABLE_OBJC_ARC = YES;
				CLANG_ENABLE_OBJC_WEAK = YES;
				CLANG_WARN_BLOCK_CAPTURE_AUTORELEASING = YES;
				CLANG_WARN_BOOL_CONVERSION = YES;
				CLANG_WARN_COMMA = YES;
				CLANG_WARN_CONSTANT_CONVERSION = YES;
				CLANG_WARN_DEPRECATED_OBJC_IMPLEMENTATIONS = YES;
				CLANG_WARN_DIRECT_OBJC_ISA_USAGE = YES_ERROR;
				CLANG_WARN_DOCUMENTATION_COMMENTS = YES;
				CLANG_WARN_EMPTY_BODY = YES;
				CLANG_WARN_ENUM_CONVERSION = YES;
				CLANG_WARN_INFINITE_RECURSION = YES;
				CLANG_WARN_INT_CONVERSION = YES;
				CLANG_WARN_NON_LITERAL_NULL_CONVERSION = YES;
				CLANG_WARN_OBJC_IMPLICIT_RETAIN_SELF = YES;
				CLANG_WARN_OBJC_LITERAL_CONVERSION = YES;
				CLANG_WARN_OBJC_ROOT_CLASS = YES_ERROR;
				CLANG_WARN_RANGE_LOOP_ANALYSIS = YES;
				CLANG_WARN_STRICT_PROTOTYPES = YES;
				CLANG_WARN_SUSPICIOUS_MOVE = YES;
				CLANG_WARN_UNGUARDED_AVAILABILITY = YES_AGGRESSIVE;
				CLANG_WARN_UNREACHABLE_CODE = YES;
				CLANG_WARN__DUPLICATE_METHOD_MATCH = YES;
				CODE_SIGN_IDENTITY = "iPhone Developer";
				COPY_PHASE_STRIP = NO;
				DEBUG_INFORMATION_FORMAT = dwarf;
				ENABLE_STRICT_OBJC_MSGSEND = YES;
				ENABLE_TESTABILITY = YES;
				GCC_C_LANGUAGE_STANDARD = gnu11;
				GCC_DYNAMIC_NO_PIC = NO;
				GCC_NO_COMMON_BLOCKS = YES;
				GCC_OPTIMIZATION_LEVEL = 0;
				GCC_PREPROCESSOR_DEFINITIONS = (
					"DEBUG=1",
					"$(inherited)",
				);
				GCC_WARN_64_TO_32_BIT_CONVERSION = YES;
				GCC_WARN_ABOUT_RETURN_TYPE = YES_ERROR;
				GCC_WARN_UNDECLARED_SELECTOR = YES;
				GCC_WARN_UNINITIALIZED_AUTOS = YES_AGGRESSIVE;
				GCC_WARN_UNUSED_FUNCTION = YES;
				GCC_WARN_UNUSED_VARIABLE = YES;
				IPHONEOS_DEPLOYMENT_TARGET = 12.1;
				MTL_ENABLE_DEBUG_INFO = INCLUDE_SOURCE;
				MTL_FAST_MATH = YES;
				ONLY_ACTIVE_ARCH = YES;
				SDKROOT = iphoneos;
				SWIFT_ACTIVE_COMPILATION_CONDITIONS = DEBUG;
				SWIFT_OPTIMIZATION_LEVEL = "-Onone";
			};
			name = Debug;
		};
		2991917F21F184E300348253 /* Release */ = {
			isa = XCBuildConfiguration;
			buildSettings = {
				ALWAYS_SEARCH_USER_PATHS = NO;
				CLANG_ANALYZER_NONNULL = YES;
				CLANG_ANALYZER_NUMBER_OBJECT_CONVERSION = YES_AGGRESSIVE;
				CLANG_CXX_LANGUAGE_STANDARD = "gnu++14";
				CLANG_CXX_LIBRARY = "libc++";
				CLANG_ENABLE_MODULES = YES;
				CLANG_ENABLE_OBJC_ARC = YES;
				CLANG_ENABLE_OBJC_WEAK = YES;
				CLANG_WARN_BLOCK_CAPTURE_AUTORELEASING = YES;
				CLANG_WARN_BOOL_CONVERSION = YES;
				CLANG_WARN_COMMA = YES;
				CLANG_WARN_CONSTANT_CONVERSION = YES;
				CLANG_WARN_DEPRECATED_OBJC_IMPLEMENTATIONS = YES;
				CLANG_WARN_DIRECT_OBJC_ISA_USAGE = YES_ERROR;
				CLANG_WARN_DOCUMENTATION_COMMENTS = YES;
				CLANG_WARN_EMPTY_BODY = YES;
				CLANG_WARN_ENUM_CONVERSION = YES;
				CLANG_WARN_INFINITE_RECURSION = YES;
				CLANG_WARN_INT_CONVERSION = YES;
				CLANG_WARN_NON_LITERAL_NULL_CONVERSION = YES;
				CLANG_WARN_OBJC_IMPLICIT_RETAIN_SELF = YES;
				CLANG_WARN_OBJC_LITERAL_CONVERSION = YES;
				CLANG_WARN_OBJC_ROOT_CLASS = YES_ERROR;
				CLANG_WARN_RANGE_LOOP_ANALYSIS = YES;
				CLANG_WARN_STRICT_PROTOTYPES = YES;
				CLANG_WARN_SUSPICIOUS_MOVE = YES;
				CLANG_WARN_UNGUARDED_AVAILABILITY = YES_AGGRESSIVE;
				CLANG_WARN_UNREACHABLE_CODE = YES;
				CLANG_WARN__DUPLICATE_METHOD_MATCH = YES;
				CODE_SIGN_IDENTITY = "iPhone Developer";
				COPY_PHASE_STRIP = NO;
				DEBUG_INFORMATION_FORMAT = "dwarf-with-dsym";
				ENABLE_NS_ASSERTIONS = NO;
				ENABLE_STRICT_OBJC_MSGSEND = YES;
				GCC_C_LANGUAGE_STANDARD = gnu11;
				GCC_NO_COMMON_BLOCKS = YES;
				GCC_WARN_64_TO_32_BIT_CONVERSION = YES;
				GCC_WARN_ABOUT_RETURN_TYPE = YES_ERROR;
				GCC_WARN_UNDECLARED_SELECTOR = YES;
				GCC_WARN_UNINITIALIZED_AUTOS = YES_AGGRESSIVE;
				GCC_WARN_UNUSED_FUNCTION = YES;
				GCC_WARN_UNUSED_VARIABLE = YES;
				IPHONEOS_DEPLOYMENT_TARGET = 12.1;
				MTL_ENABLE_DEBUG_INFO = NO;
				MTL_FAST_MATH = YES;
				SDKROOT = iphoneos;
				SWIFT_COMPILATION_MODE = wholemodule;
				SWIFT_OPTIMIZATION_LEVEL = "-O";
				VALIDATE_PRODUCT = YES;
			};
			name = Release;
		};
		2991918121F184E300348253 /* Debug */ = {
			isa = XCBuildConfiguration;
			buildSettings = {
				ASSETCATALOG_COMPILER_APPICON_NAME = AppIcon;
				CODE_SIGN_STYLE = Automatic;
				DEVELOPMENT_TEAM = AGY9E5E6J5;
				INFOPLIST_FILE = Ka_Motion_v1/Info.plist;
				LD_RUNPATH_SEARCH_PATHS = (
					"$(inherited)",
					"@executable_path/Frameworks",
				);
				PRODUCT_BUNDLE_IDENTIFIER = "Senegal.Ka-Motion-v1";
				PRODUCT_NAME = "$(TARGET_NAME)";
				SWIFT_OBJC_BRIDGING_HEADER = Ka_Motion_v1/BrightHeader.h;
				SWIFT_VERSION = 4.2;
				TARGETED_DEVICE_FAMILY = "1,2";
			};
			name = Debug;
		};
		2991918221F184E300348253 /* Release */ = {
			isa = XCBuildConfiguration;
			buildSettings = {
				ASSETCATALOG_COMPILER_APPICON_NAME = AppIcon;
				CODE_SIGN_STYLE = Automatic;
				DEVELOPMENT_TEAM = AGY9E5E6J5;
				INFOPLIST_FILE = Ka_Motion_v1/Info.plist;
				LD_RUNPATH_SEARCH_PATHS = (
					"$(inherited)",
					"@executable_path/Frameworks",
				);
				PRODUCT_BUNDLE_IDENTIFIER = "Senegal.Ka-Motion-v1";
				PRODUCT_NAME = "$(TARGET_NAME)";
				SWIFT_OBJC_BRIDGING_HEADER = Ka_Motion_v1/BrightHeader.h;
				SWIFT_VERSION = 4.2;
				TARGETED_DEVICE_FAMILY = "1,2";
			};
			name = Release;
		};
		2991918421F184E300348253 /* Debug */ = {
			isa = XCBuildConfiguration;
			buildSettings = {
				ALWAYS_EMBED_SWIFT_STANDARD_LIBRARIES = YES;
				BUNDLE_LOADER = "$(TEST_HOST)";
				CODE_SIGN_STYLE = Automatic;
				DEVELOPMENT_TEAM = AGY9E5E6J5;
				INFOPLIST_FILE = Ka_Motion_v1Tests/Info.plist;
				LD_RUNPATH_SEARCH_PATHS = (
					"$(inherited)",
					"@executable_path/Frameworks",
					"@loader_path/Frameworks",
				);
				PRODUCT_BUNDLE_IDENTIFIER = "Senegal.Ka-Motion-v1Tests";
				PRODUCT_NAME = "$(TARGET_NAME)";
				SWIFT_VERSION = 4.2;
				TARGETED_DEVICE_FAMILY = "1,2";
				TEST_HOST = "$(BUILT_PRODUCTS_DIR)/Ka_Motion_v1.app/Ka_Motion_v1";
			};
			name = Debug;
		};
		2991918521F184E300348253 /* Release */ = {
			isa = XCBuildConfiguration;
			buildSettings = {
				ALWAYS_EMBED_SWIFT_STANDARD_LIBRARIES = YES;
				BUNDLE_LOADER = "$(TEST_HOST)";
				CODE_SIGN_STYLE = Automatic;
				DEVELOPMENT_TEAM = AGY9E5E6J5;
				INFOPLIST_FILE = Ka_Motion_v1Tests/Info.plist;
				LD_RUNPATH_SEARCH_PATHS = (
					"$(inherited)",
					"@executable_path/Frameworks",
					"@loader_path/Frameworks",
				);
				PRODUCT_BUNDLE_IDENTIFIER = "Senegal.Ka-Motion-v1Tests";
				PRODUCT_NAME = "$(TARGET_NAME)";
				SWIFT_VERSION = 4.2;
				TARGETED_DEVICE_FAMILY = "1,2";
				TEST_HOST = "$(BUILT_PRODUCTS_DIR)/Ka_Motion_v1.app/Ka_Motion_v1";
			};
			name = Release;
		};
		2991918721F184E300348253 /* Debug */ = {
			isa = XCBuildConfiguration;
			buildSettings = {
				ALWAYS_EMBED_SWIFT_STANDARD_LIBRARIES = YES;
				CODE_SIGN_STYLE = Automatic;
				DEVELOPMENT_TEAM = AGY9E5E6J5;
				INFOPLIST_FILE = Ka_Motion_v1UITests/Info.plist;
				LD_RUNPATH_SEARCH_PATHS = (
					"$(inherited)",
					"@executable_path/Frameworks",
					"@loader_path/Frameworks",
				);
				PRODUCT_BUNDLE_IDENTIFIER = "Senegal.Ka-Motion-v1UITests";
				PRODUCT_NAME = "$(TARGET_NAME)";
				SWIFT_VERSION = 4.2;
				TARGETED_DEVICE_FAMILY = "1,2";
				TEST_TARGET_NAME = Ka_Motion_v1;
			};
			name = Debug;
		};
		2991918821F184E300348253 /* Release */ = {
			isa = XCBuildConfiguration;
			buildSettings = {
				ALWAYS_EMBED_SWIFT_STANDARD_LIBRARIES = YES;
				CODE_SIGN_STYLE = Automatic;
				DEVELOPMENT_TEAM = AGY9E5E6J5;
				INFOPLIST_FILE = Ka_Motion_v1UITests/Info.plist;
				LD_RUNPATH_SEARCH_PATHS = (
					"$(inherited)",
					"@executable_path/Frameworks",
					"@loader_path/Frameworks",
				);
				PRODUCT_BUNDLE_IDENTIFIER = "Senegal.Ka-Motion-v1UITests";
				PRODUCT_NAME = "$(TARGET_NAME)";
				SWIFT_VERSION = 4.2;
				TARGETED_DEVICE_FAMILY = "1,2";
				TEST_TARGET_NAME = Ka_Motion_v1;
			};
			name = Release;
		};
/* End XCBuildConfiguration section */

/* Begin XCConfigurationList section */
		2991915321F184E200348253 /* Build configuration list for PBXProject "Ka_Motion_v1" */ = {
			isa = XCConfigurationList;
			buildConfigurations = (
				2991917E21F184E300348253 /* Debug */,
				2991917F21F184E300348253 /* Release */,
			);
			defaultConfigurationIsVisible = 0;
			defaultConfigurationName = Release;
		};
		2991918021F184E300348253 /* Build configuration list for PBXNativeTarget "Ka_Motion_v1" */ = {
			isa = XCConfigurationList;
			buildConfigurations = (
				2991918121F184E300348253 /* Debug */,
				2991918221F184E300348253 /* Release */,
			);
			defaultConfigurationIsVisible = 0;
			defaultConfigurationName = Release;
		};
		2991918321F184E300348253 /* Build configuration list for PBXNativeTarget "Ka_Motion_v1Tests" */ = {
			isa = XCConfigurationList;
			buildConfigurations = (
				2991918421F184E300348253 /* Debug */,
				2991918521F184E300348253 /* Release */,
			);
			defaultConfigurationIsVisible = 0;
			defaultConfigurationName = Release;
		};
		2991918621F184E300348253 /* Build configuration list for PBXNativeTarget "Ka_Motion_v1UITests" */ = {
			isa = XCConfigurationList;
			buildConfigurations = (
				2991918721F184E300348253 /* Debug */,
				2991918821F184E300348253 /* Release */,
			);
			defaultConfigurationIsVisible = 0;
			defaultConfigurationName = Release;
		};
/* End XCConfigurationList section */
	};
	rootObject = 2991915021F184E200348253 /* Project object */;
}
